
Microsoft Visual Studio Solution File, Format Version 12.00
# Visual Studio 15
VisualStudioVersion = 15.0.28307.168
MinimumVisualStudioVersion = 10.0.40219.1
Project("{FAE04EC0-301F-11D3-BF4B-00C04F79EFBC}") = "ReactiveProperty.Core", "ReactiveProperty.Core\ReactiveProperty.Core.csproj", "{9185F540-F873-466D-A95C-2E7F1519D1D4}"
EndProject
Global
	GlobalSection(SolutionConfigurationPlatforms) = preSolution
		Debug|Any CPU = Debug|Any CPU
		Release|Any CPU = Release|Any CPU
	EndGlobalSection
	GlobalSection(ProjectConfigurationPlatforms) = postSolution
		{9185F540-F873-466D-A95C-2E7F1519D1D4}.Debug|Any CPU.ActiveCfg = Debug|Any CPU
		{9185F540-F873-466D-A95C-2E7F1519D1D4}.Debug|Any CPU.Build.0 = Debug|Any CPU
		{9185F540-F873-466D-A95C-2E7F1519D1D4}.Release|Any CPU.ActiveCfg = Release|Any CPU
		{9185F540-F873-466D-A95C-2E7F1519D1D4}.Release|Any CPU.Build.0 = Release|Any CPU
	EndGlobalSection
	GlobalSection(SolutionProperties) = preSolution
		HideSolutionNode = FALSE
	EndGlobalSection
	GlobalSection(ExtensibilityGlobals) = postSolution
		SolutionGuid = {8E283D23-BE02-431D-A3A3-9014D71A49CE}
	EndGlobalSection
EndGlobal
